
Microsoft Visual Studio Solution File, Format Version 12.00
# Visual Studio Version 16
VisualStudioVersion = 16.0.30330.147
MinimumVisualStudioVersion = 10.0.40219.1
Project("{FAE04EC0-301F-11D3-BF4B-00C04F79EFBC}") = "NMLT_QLCH_WindowsFormsApp", "NMLT_QLCH_WindowsFormsApp.csproj", "{6AFCFA30-7E62-40D7-BE2E-1689DCB11DAF}"
EndProject
Global
	GlobalSection(SolutionConfigurationPlatforms) = preSolution
		Debug|Any CPU = Debug|Any CPU
		Release|Any CPU = Release|Any CPU
	EndGlobalSection
	GlobalSection(ProjectConfigurationPlatforms) = postSolution
		{6AFCFA30-7E62-40D7-BE2E-1689DCB11DAF}.Debug|Any CPU.ActiveCfg = Debug|Any CPU
		{6AFCFA30-7E62-40D7-BE2E-1689DCB11DAF}.Debug|Any CPU.Build.0 = Debug|Any CPU
		{6AFCFA30-7E62-40D7-BE2E-1689DCB11DAF}.Release|Any CPU.ActiveCfg = Release|Any CPU
		{6AFCFA30-7E62-40D7-BE2E-1689DCB11DAF}.Release|Any CPU.Build.0 = Release|Any CPU
	EndGlobalSection
	GlobalSection(SolutionProperties) = preSolution
		HideSolutionNode = FALSE
	EndGlobalSection
	GlobalSection(ExtensibilityGlobals) = postSolution
		SolutionGuid = {085729F5-1361-4214-9BD6-CDB5058600D9}
	EndGlobalSection
EndGlobal
