
Microsoft Visual Studio Solution File, Format Version 12.00
# Visual Studio Version 16
VisualStudioVersion = 16.0.30523.141
MinimumVisualStudioVersion = 10.0.40219.1
Project("{FAE04EC0-301F-11D3-BF4B-00C04F79EFBC}") = "DoAnCuoiKi", "DoAnCuoiKi\DoAnCuoiKi.csproj", "{254A6E83-DCE1-4FB8-9559-CBBE0B2D4477}"
EndProject
Global
	GlobalSection(SolutionConfigurationPlatforms) = preSolution
		Debug|Any CPU = Debug|Any CPU
		Release|Any CPU = Release|Any CPU
	EndGlobalSection
	GlobalSection(ProjectConfigurationPlatforms) = postSolution
		{254A6E83-DCE1-4FB8-9559-CBBE0B2D4477}.Debug|Any CPU.ActiveCfg = Debug|Any CPU
		{254A6E83-DCE1-4FB8-9559-CBBE0B2D4477}.Debug|Any CPU.Build.0 = Debug|Any CPU
		{254A6E83-DCE1-4FB8-9559-CBBE0B2D4477}.Release|Any CPU.ActiveCfg = Release|Any CPU
		{254A6E83-DCE1-4FB8-9559-CBBE0B2D4477}.Release|Any CPU.Build.0 = Release|Any CPU
	EndGlobalSection
	GlobalSection(SolutionProperties) = preSolution
		HideSolutionNode = FALSE
	EndGlobalSection
	GlobalSection(ExtensibilityGlobals) = postSolution
		SolutionGuid = {5E95BDB4-5723-4497-AB85-A41756E1059F}
	EndGlobalSection
EndGlobal
