
Microsoft Visual Studio Solution File, Format Version 12.00
# Visual Studio Version 16
VisualStudioVersion = 16.0.30709.132
MinimumVisualStudioVersion = 10.0.40219.1
Project("{9A19103F-16F7-4668-BE54-9A1E7A4F7556}") = "DoAnPMQLCH_20810019", "DoAnPMQLCH\DoAnPMQLCH_20810019.csproj", "{8696255C-E1D3-403D-BCBB-D23A7C0BE20E}"
EndProject
Global
	GlobalSection(SolutionConfigurationPlatforms) = preSolution
		Debug|Any CPU = Debug|Any CPU
		Release|Any CPU = Release|Any CPU
	EndGlobalSection
	GlobalSection(ProjectConfigurationPlatforms) = postSolution
		{8696255C-E1D3-403D-BCBB-D23A7C0BE20E}.Debug|Any CPU.ActiveCfg = Debug|Any CPU
		{8696255C-E1D3-403D-BCBB-D23A7C0BE20E}.Debug|Any CPU.Build.0 = Debug|Any CPU
		{8696255C-E1D3-403D-BCBB-D23A7C0BE20E}.Release|Any CPU.ActiveCfg = Release|Any CPU
		{8696255C-E1D3-403D-BCBB-D23A7C0BE20E}.Release|Any CPU.Build.0 = Release|Any CPU
	EndGlobalSection
	GlobalSection(SolutionProperties) = preSolution
		HideSolutionNode = FALSE
	EndGlobalSection
	GlobalSection(ExtensibilityGlobals) = postSolution
		SolutionGuid = {364012DA-1042-4049-A2DE-411012C7914B}
	EndGlobalSection
EndGlobal
