
Microsoft Visual Studio Solution File, Format Version 12.00
# Visual Studio Version 16
VisualStudioVersion = 16.0.30330.147
MinimumVisualStudioVersion = 10.0.40219.1
Project("{FAE04EC0-301F-11D3-BF4B-00C04F79EFBC}") = "QLBanhang", "QLBanhang\QLBanhang.csproj", "{3D6CD530-5B16-415D-9B9E-CBB46260E9BC}"
EndProject
Global
	GlobalSection(SolutionConfigurationPlatforms) = preSolution
		Debug|Any CPU = Debug|Any CPU
		Release|Any CPU = Release|Any CPU
	EndGlobalSection
	GlobalSection(ProjectConfigurationPlatforms) = postSolution
		{3D6CD530-5B16-415D-9B9E-CBB46260E9BC}.Debug|Any CPU.ActiveCfg = Debug|Any CPU
		{3D6CD530-5B16-415D-9B9E-CBB46260E9BC}.Debug|Any CPU.Build.0 = Debug|Any CPU
		{3D6CD530-5B16-415D-9B9E-CBB46260E9BC}.Release|Any CPU.ActiveCfg = Release|Any CPU
		{3D6CD530-5B16-415D-9B9E-CBB46260E9BC}.Release|Any CPU.Build.0 = Release|Any CPU
	EndGlobalSection
	GlobalSection(SolutionProperties) = preSolution
		HideSolutionNode = FALSE
	EndGlobalSection
	GlobalSection(ExtensibilityGlobals) = postSolution
		SolutionGuid = {22F784BC-9881-436E-A4DA-A6D07F8BAB54}
	EndGlobalSection
EndGlobal
