
Microsoft Visual Studio Solution File, Format Version 12.00
# Visual Studio Version 16
VisualStudioVersion = 16.0.30330.147
MinimumVisualStudioVersion = 10.0.40219.1
Project("{FAE04EC0-301F-11D3-BF4B-00C04F79EFBC}") = "NMLT_20880026", "NMLT_20880026.csproj", "{2646C457-9B0A-4D28-9A7D-459F628A36CE}"
EndProject
Global
	GlobalSection(SolutionConfigurationPlatforms) = preSolution
		Debug|Any CPU = Debug|Any CPU
		Release|Any CPU = Release|Any CPU
	EndGlobalSection
	GlobalSection(ProjectConfigurationPlatforms) = postSolution
		{2646C457-9B0A-4D28-9A7D-459F628A36CE}.Debug|Any CPU.ActiveCfg = Debug|Any CPU
		{2646C457-9B0A-4D28-9A7D-459F628A36CE}.Debug|Any CPU.Build.0 = Debug|Any CPU
		{2646C457-9B0A-4D28-9A7D-459F628A36CE}.Release|Any CPU.ActiveCfg = Release|Any CPU
		{2646C457-9B0A-4D28-9A7D-459F628A36CE}.Release|Any CPU.Build.0 = Release|Any CPU
	EndGlobalSection
	GlobalSection(SolutionProperties) = preSolution
		HideSolutionNode = FALSE
	EndGlobalSection
	GlobalSection(ExtensibilityGlobals) = postSolution
		SolutionGuid = {49AC6FDE-660A-4AE5-BC8B-8B16630849C8}
	EndGlobalSection
EndGlobal
