
Microsoft Visual Studio Solution File, Format Version 12.00
# Visual Studio Version 16
VisualStudioVersion = 16.0.30114.105
MinimumVisualStudioVersion = 10.0.40219.1
Project("{FAE04EC0-301F-11D3-BF4B-00C04F79EFBC}") = "Doan", "Doan\Doan.csproj", "{16B79EC5-9FD7-4F80-84F8-8B81632A2856}"
EndProject
Global
	GlobalSection(SolutionConfigurationPlatforms) = preSolution
		Debug|Any CPU = Debug|Any CPU
		Release|Any CPU = Release|Any CPU
	EndGlobalSection
	GlobalSection(ProjectConfigurationPlatforms) = postSolution
		{16B79EC5-9FD7-4F80-84F8-8B81632A2856}.Debug|Any CPU.ActiveCfg = Debug|Any CPU
		{16B79EC5-9FD7-4F80-84F8-8B81632A2856}.Debug|Any CPU.Build.0 = Debug|Any CPU
		{16B79EC5-9FD7-4F80-84F8-8B81632A2856}.Release|Any CPU.ActiveCfg = Release|Any CPU
		{16B79EC5-9FD7-4F80-84F8-8B81632A2856}.Release|Any CPU.Build.0 = Release|Any CPU
	EndGlobalSection
	GlobalSection(SolutionProperties) = preSolution
		HideSolutionNode = FALSE
	EndGlobalSection
	GlobalSection(ExtensibilityGlobals) = postSolution
		SolutionGuid = {FB68EA5D-87F9-4E2E-92AE-EBEDC8C732AF}
	EndGlobalSection
EndGlobal
