
Microsoft Visual Studio Solution File, Format Version 12.00
# Visual Studio Version 16
VisualStudioVersion = 16.0.30002.166
MinimumVisualStudioVersion = 10.0.40219.1
Project("{FAE04EC0-301F-11D3-BF4B-00C04F79EFBC}") = "PROJECT_NMLT", "PROJECT_NMLT\PROJECT_NMLT.csproj", "{F3245E0D-8FB0-4BEC-869A-D2E74E14EF16}"
EndProject
Global
	GlobalSection(SolutionConfigurationPlatforms) = preSolution
		Debug|Any CPU = Debug|Any CPU
		Release|Any CPU = Release|Any CPU
	EndGlobalSection
	GlobalSection(ProjectConfigurationPlatforms) = postSolution
		{F3245E0D-8FB0-4BEC-869A-D2E74E14EF16}.Debug|Any CPU.ActiveCfg = Debug|Any CPU
		{F3245E0D-8FB0-4BEC-869A-D2E74E14EF16}.Debug|Any CPU.Build.0 = Debug|Any CPU
		{F3245E0D-8FB0-4BEC-869A-D2E74E14EF16}.Release|Any CPU.ActiveCfg = Release|Any CPU
		{F3245E0D-8FB0-4BEC-869A-D2E74E14EF16}.Release|Any CPU.Build.0 = Release|Any CPU
	EndGlobalSection
	GlobalSection(SolutionProperties) = preSolution
		HideSolutionNode = FALSE
	EndGlobalSection
	GlobalSection(ExtensibilityGlobals) = postSolution
		SolutionGuid = {8A13BEAB-D57D-4014-957B-50FB46AE3D90}
	EndGlobalSection
EndGlobal
