
Microsoft Visual Studio Solution File, Format Version 12.00
# Visual Studio Version 16
VisualStudioVersion = 16.0.30320.27
MinimumVisualStudioVersion = 10.0.40219.1
Project("{FAE04EC0-301F-11D3-BF4B-00C04F79EFBC}") = "QLBH", "QLBH\QLBH.csproj", "{F52215EF-FC03-416D-9676-3F1A4FFF70D2}"
EndProject
Global
	GlobalSection(SolutionConfigurationPlatforms) = preSolution
		Debug|Any CPU = Debug|Any CPU
		Release|Any CPU = Release|Any CPU
	EndGlobalSection
	GlobalSection(ProjectConfigurationPlatforms) = postSolution
		{F52215EF-FC03-416D-9676-3F1A4FFF70D2}.Debug|Any CPU.ActiveCfg = Debug|Any CPU
		{F52215EF-FC03-416D-9676-3F1A4FFF70D2}.Debug|Any CPU.Build.0 = Debug|Any CPU
		{F52215EF-FC03-416D-9676-3F1A4FFF70D2}.Release|Any CPU.ActiveCfg = Release|Any CPU
		{F52215EF-FC03-416D-9676-3F1A4FFF70D2}.Release|Any CPU.Build.0 = Release|Any CPU
	EndGlobalSection
	GlobalSection(SolutionProperties) = preSolution
		HideSolutionNode = FALSE
	EndGlobalSection
	GlobalSection(ExtensibilityGlobals) = postSolution
		SolutionGuid = {0CB61980-24E7-4EF3-93ED-EF1C4184602E}
	EndGlobalSection
EndGlobal
