
Microsoft Visual Studio Solution File, Format Version 12.00
# Visual Studio Version 16
VisualStudioVersion = 16.0.30711.63
MinimumVisualStudioVersion = 10.0.40219.1
Project("{FAE04EC0-301F-11D3-BF4B-00C04F79EFBC}") = "PhanMemQuanLyCuaHang", "PhanMemQuanLyCuaHang\PhanMemQuanLyCuaHang.csproj", "{58B80BBB-D2E3-4F98-8E7A-C061A5E31168}"
EndProject
Global
	GlobalSection(SolutionConfigurationPlatforms) = preSolution
		Debug|Any CPU = Debug|Any CPU
		Release|Any CPU = Release|Any CPU
	EndGlobalSection
	GlobalSection(ProjectConfigurationPlatforms) = postSolution
		{58B80BBB-D2E3-4F98-8E7A-C061A5E31168}.Debug|Any CPU.ActiveCfg = Debug|Any CPU
		{58B80BBB-D2E3-4F98-8E7A-C061A5E31168}.Debug|Any CPU.Build.0 = Debug|Any CPU
		{58B80BBB-D2E3-4F98-8E7A-C061A5E31168}.Release|Any CPU.ActiveCfg = Release|Any CPU
		{58B80BBB-D2E3-4F98-8E7A-C061A5E31168}.Release|Any CPU.Build.0 = Release|Any CPU
	EndGlobalSection
	GlobalSection(SolutionProperties) = preSolution
		HideSolutionNode = FALSE
	EndGlobalSection
	GlobalSection(ExtensibilityGlobals) = postSolution
		SolutionGuid = {C55248FD-A34A-404B-9EBF-9886B24ED7BB}
	EndGlobalSection
EndGlobal
